
Microsoft Visual Studio Solution File, Format Version 12.00
# Visual Studio Version 17
VisualStudioVersion = 17.1.32407.343
MinimumVisualStudioVersion = 10.0.40219.1
Project("{9A19103F-16F7-4668-BE54-9A1E7A4F7556}") = "BlazorWasmApp", "BlazorWasmApp\BlazorWasmApp.csproj", "{236145C9-CFB1-4CEE-9843-9DE20E491D52}"
EndProject
Global
	GlobalSection(SolutionConfigurationPlatforms) = preSolution
		Debug|Any CPU = Debug|Any CPU
		Release|Any CPU = Release|Any CPU
	EndGlobalSection
	GlobalSection(ProjectConfigurationPlatforms) = postSolution
		{236145C9-CFB1-4CEE-9843-9DE20E491D52}.Debug|Any CPU.ActiveCfg = Debug|Any CPU
		{236145C9-CFB1-4CEE-9843-9DE20E491D52}.Debug|Any CPU.Build.0 = Debug|Any CPU
		{236145C9-CFB1-4CEE-9843-9DE20E491D52}.Release|Any CPU.ActiveCfg = Release|Any CPU
		{236145C9-CFB1-4CEE-9843-9DE20E491D52}.Release|Any CPU.Build.0 = Release|Any CPU
	EndGlobalSection
	GlobalSection(SolutionProperties) = preSolution
		HideSolutionNode = FALSE
	EndGlobalSection
	GlobalSection(ExtensibilityGlobals) = postSolution
		SolutionGuid = {3064BEAF-33E5-4B1C-8046-8E25D9292259}
	EndGlobalSection
EndGlobal
