
Microsoft Visual Studio Solution File, Format Version 12.00
# Visual Studio Version 17
VisualStudioVersion = 17.1.32407.343
MinimumVisualStudioVersion = 10.0.40219.1
Project("{FAE04EC0-301F-11D3-BF4B-00C04F79EFBC}") = "BlazorServerIdentity2", "BlazorServerIdentity2\BlazorServerIdentity2.csproj", "{916A0E1F-07D6-41D0-A957-866BB6E5F47E}"
EndProject
Global
	GlobalSection(SolutionConfigurationPlatforms) = preSolution
		Debug|Any CPU = Debug|Any CPU
		Release|Any CPU = Release|Any CPU
	EndGlobalSection
	GlobalSection(ProjectConfigurationPlatforms) = postSolution
		{916A0E1F-07D6-41D0-A957-866BB6E5F47E}.Debug|Any CPU.ActiveCfg = Debug|Any CPU
		{916A0E1F-07D6-41D0-A957-866BB6E5F47E}.Debug|Any CPU.Build.0 = Debug|Any CPU
		{916A0E1F-07D6-41D0-A957-866BB6E5F47E}.Release|Any CPU.ActiveCfg = Release|Any CPU
		{916A0E1F-07D6-41D0-A957-866BB6E5F47E}.Release|Any CPU.Build.0 = Release|Any CPU
	EndGlobalSection
	GlobalSection(SolutionProperties) = preSolution
		HideSolutionNode = FALSE
	EndGlobalSection
	GlobalSection(ExtensibilityGlobals) = postSolution
		SolutionGuid = {B452B5D7-0171-4B05-A2B1-A1E231BBD42A}
	EndGlobalSection
EndGlobal
