
Microsoft Visual Studio Solution File, Format Version 12.00
# Visual Studio Version 17
VisualStudioVersion = 17.1.32407.343
MinimumVisualStudioVersion = 10.0.40219.1
Project("{FAE04EC0-301F-11D3-BF4B-00C04F79EFBC}") = "DemoInstrumentation", "DemoInstrumentation\DemoInstrumentation.csproj", "{FA1CD56C-3601-42D7-AD1A-B3AE472841DF}"
EndProject
Global
	GlobalSection(SolutionConfigurationPlatforms) = preSolution
		Debug|Any CPU = Debug|Any CPU
		Release|Any CPU = Release|Any CPU
	EndGlobalSection
	GlobalSection(ProjectConfigurationPlatforms) = postSolution
		{FA1CD56C-3601-42D7-AD1A-B3AE472841DF}.Debug|Any CPU.ActiveCfg = Debug|Any CPU
		{FA1CD56C-3601-42D7-AD1A-B3AE472841DF}.Debug|Any CPU.Build.0 = Debug|Any CPU
		{FA1CD56C-3601-42D7-AD1A-B3AE472841DF}.Release|Any CPU.ActiveCfg = Release|Any CPU
		{FA1CD56C-3601-42D7-AD1A-B3AE472841DF}.Release|Any CPU.Build.0 = Release|Any CPU
	EndGlobalSection
	GlobalSection(SolutionProperties) = preSolution
		HideSolutionNode = FALSE
	EndGlobalSection
	GlobalSection(ExtensibilityGlobals) = postSolution
		SolutionGuid = {D462CEEB-DC59-4CC9-B92C-5525DF5294E9}
	EndGlobalSection
EndGlobal
