
Microsoft Visual Studio Solution File, Format Version 12.00
# Visual Studio Version 16
VisualStudioVersion = 16.0.31729.503
MinimumVisualStudioVersion = 10.0.40219.1
Project("{FAE04EC0-301F-11D3-BF4B-00C04F79EFBC}") = "HelloMVCCore", "HelloMVCCore\HelloMVCCore.csproj", "{526C4BC4-42EF-42FA-86E7-98DEDA3A795B}"
EndProject
Global
	GlobalSection(SolutionConfigurationPlatforms) = preSolution
		Debug|Any CPU = Debug|Any CPU
		Release|Any CPU = Release|Any CPU
	EndGlobalSection
	GlobalSection(ProjectConfigurationPlatforms) = postSolution
		{526C4BC4-42EF-42FA-86E7-98DEDA3A795B}.Debug|Any CPU.ActiveCfg = Debug|Any CPU
		{526C4BC4-42EF-42FA-86E7-98DEDA3A795B}.Debug|Any CPU.Build.0 = Debug|Any CPU
		{526C4BC4-42EF-42FA-86E7-98DEDA3A795B}.Release|Any CPU.ActiveCfg = Release|Any CPU
		{526C4BC4-42EF-42FA-86E7-98DEDA3A795B}.Release|Any CPU.Build.0 = Release|Any CPU
	EndGlobalSection
	GlobalSection(SolutionProperties) = preSolution
		HideSolutionNode = FALSE
	EndGlobalSection
	GlobalSection(ExtensibilityGlobals) = postSolution
		SolutionGuid = {1F5682D2-A769-4EB3-9D3A-B05747F83CF1}
	EndGlobalSection
EndGlobal
